{
  "name": "@bhd/design",
  "version": "2.0.0",
  "lockfileVersion": 3,
  "requires": true,
  "packages": {
    "": {
      "name": "@bhd/design",
      "version": "2.0.0",
      "dependencies": {
        "uisfx": "0.4.0"
      }
    },
    "node_modules/uisfx": {
      "version": "0.4.0",
      "resolved": "https://registry.npmjs.org/uisfx/-/uisfx-0.4.0.tgz",
      "integrity": "sha512-W891N75C09cvpaNeChP+7BiP0Yp5VSbrIcRgZvzpFUT3o/2DxZqROmUcX50oxeyMnY4Hqxu4jEfjndVUpmheEQ==",
      "license": "MIT",
      "funding": {
        "type": "github",
        "url": "https://github.com/sponsors/romainsimon"
      }
    }
  }
}
